{
  "version": "2",
  "remote": {
    "https://deno.land/std@0.118.0/_util/assert.ts": "2f868145a042a11d5ad0a3c748dcf580add8a0dbc0e876eaa0026303a5488f58",
    "https://deno.land/std@0.118.0/async/deferred.ts": "ab60d46ba561abb3b13c0c8085d05797a384b9f182935f051dc67136817acdee",
    "https://deno.land/std@0.118.0/bytes/bytes_list.ts": "3bff6a09c72b2e0b1e92e29bd3b135053894196cca07a2bba842901073efe5cb",
    "https://deno.land/std@0.118.0/bytes/equals.ts": "69f55fdbd45c71f920c1a621e6c0865dc780cd8ae34e0f5e55a9497b70c31c1b",
    "https://deno.land/std@0.118.0/bytes/mod.ts": "fedb80b8da2e7ad8dd251148e65f92a04c73d6c5a430b7d197dc39588c8dda6f",
    "https://deno.land/std@0.118.0/io/buffer.ts": "8f10342821b81990acf859cdccb4e4031c7c9187a0ffc3ed6b356ee29ecc6681",
    "https://deno.land/std@0.121.0/_util/assert.ts": "2f868145a042a11d5ad0a3c748dcf580add8a0dbc0e876eaa0026303a5488f58",
    "https://deno.land/std@0.121.0/_util/os.ts": "dfb186cc4e968c770ab6cc3288bd65f4871be03b93beecae57d657232ecffcac",
    "https://deno.land/std@0.121.0/encoding/hex.ts": "5bc7df19af498c315cdaba69e2fce1b2aef5fc57344e8c21c08991aa8505a260",
    "https://deno.land/std@0.121.0/fs/walk.ts": "31464d75099aa3fc7764212576a8772dfabb2692783e6eabb910f874a26eac54",
    "https://deno.land/std@0.121.0/path/_constants.ts": "1247fee4a79b70c89f23499691ef169b41b6ccf01887a0abd131009c5581b853",
    "https://deno.land/std@0.121.0/path/_interface.ts": "1fa73b02aaa24867e481a48492b44f2598cd9dfa513c7b34001437007d3642e4",
    "https://deno.land/std@0.121.0/path/_util.ts": "2e06a3b9e79beaf62687196bd4b60a4c391d862cfa007a20fc3a39f778ba073b",
    "https://deno.land/std@0.121.0/path/common.ts": "f41a38a0719a1e85aa11c6ba3bea5e37c15dd009d705bd8873f94c833568cbc4",
    "https://deno.land/std@0.121.0/path/glob.ts": "7bf2349e818e332a830f3d8874c3f45dd7580b6c742ed50dbf6282d84ab18405",
    "https://deno.land/std@0.121.0/path/mod.ts": "4465dc494f271b02569edbb4a18d727063b5dbd6ed84283ff906260970a15d12",
    "https://deno.land/std@0.121.0/path/posix.ts": "34349174b9cd121625a2810837a82dd8b986bbaaad5ade690d1de75bbb4555b2",
    "https://deno.land/std@0.121.0/path/separator.ts": "8fdcf289b1b76fd726a508f57d3370ca029ae6976fcde5044007f062e643ff1c",
    "https://deno.land/std@0.121.0/path/win32.ts": "11549e8c6df8307a8efcfa47ad7b2a75da743eac7d4c89c9723a944661c8bd2e",
    "https://deno.land/std@0.146.0/dotenv/mod.ts": "a908369b2cf533e248c06c39a086442346ae2e24914b78b3373b21b3b601176b",
    "https://deno.land/std@0.146.0/dotenv/util.ts": "6cc392f087577a26a27f0463f77cc0c31a390aa055917099935b36eb2454592d",
    "https://deno.land/std@0.152.0/_util/assert.ts": "e94f2eb37cebd7f199952e242c77654e43333c1ac4c5c700e929ea3aa5489f74",
    "https://deno.land/std@0.152.0/async/abortable.ts": "87aa7230be8360c24ad437212311c9e8d4328854baec27b4c7abb26e85515c06",
    "https://deno.land/std@0.152.0/async/deadline.ts": "48ac998d7564969f3e6ec6b6f9bf0217ebd00239b1b2292feba61272d5dd58d0",
    "https://deno.land/std@0.152.0/async/debounce.ts": "564273ef242bcfcda19a439132f940db8694173abffc159ea34f07d18fc42620",
    "https://deno.land/std@0.152.0/async/deferred.ts": "bc18e28108252c9f67dfca2bbc4587c3cbf3aeb6e155f8c864ca8ecff992b98a",
    "https://deno.land/std@0.152.0/async/delay.ts": "cbbdf1c87d1aed8edc7bae13592fb3e27e3106e0748f089c263390d4f49e5f6c",
    "https://deno.land/std@0.152.0/async/mod.ts": "dd0a8ed4f3984ffabe2fcca7c9f466b7932d57b1864ffee148a5d5388316db6b",
    "https://deno.land/std@0.152.0/async/mux_async_iterator.ts": "5b4aca6781ad0f2e19ccdf1d1a1c092ccd3e00d52050d9c27c772658c8367256",
    "https://deno.land/std@0.152.0/async/pool.ts": "ef9eb97b388543acbf0ac32647121e4dbe629236899586c4d4311a8770fbb239",
    "https://deno.land/std@0.152.0/async/tee.ts": "bcfae0017ebb718cf4eef9e2420e8675d91cb1bcc0ed9b668681af6e6caad846",
    "https://deno.land/std@0.152.0/collections/group_by.ts": "3cf14e55c99320fca7ce6c1521d44170ab4a62c87738937a506357b234145f11",
    "https://deno.land/std@0.152.0/datetime/formatter.ts": "7c8e6d16a0950f400aef41b9f1eb9168249869776ec520265dfda785d746589e",
    "https://deno.land/std@0.152.0/datetime/mod.ts": "701f01f0a3c9d4a6e7802ad245ac6dbef1118bdb104ef7965107d6dd8a0ebaf9",
    "https://deno.land/std@0.152.0/datetime/tokenizer.ts": "7381e28f6ab51cb504c7e132be31773d73ef2f3e1e50a812736962b9df1e8c47",
    "https://deno.land/std@0.152.0/fmt/colors.ts": "6f9340b7fb8cc25a993a99e5efc56fe81bb5af284ff412129dd06df06f53c0b4",
    "https://deno.land/std@0.152.0/http/_negotiation/common.ts": "410e902f01cdd324e4746e8017595be4fc357d6fc4cd6044f2f808a943d7eaf7",
    "https://deno.land/std@0.152.0/http/_negotiation/encoding.ts": "f749c1d539d139af783e8a7741de5a47a98a5e3c9af82b8af512567ccf5fe632",
    "https://deno.land/std@0.152.0/http/_negotiation/language.ts": "53c306186904d2dace4c624a8822542866ad332a7f40ac90e0af1504f95c63d0",
    "https://deno.land/std@0.152.0/http/_negotiation/media_type.ts": "ecdda87286495f7ff25116858f5088856953e2f1585e593d314e0c71b826a137",
    "https://deno.land/std@0.152.0/http/cookie.ts": "526f27762fad7bf84fbe491de7eba7c406057501eec6edcad7884a16b242fddf",
    "https://deno.land/std@0.152.0/http/http_errors.ts": "fe9b7f95f7ee0592c3306f8c7aed03ba53d55d1ef81e00041c1171b9588f46d9",
    "https://deno.land/std@0.152.0/http/http_status.ts": "897575a7d6bc2b9123f6a38ecbc0f03d95a532c5d92029315dc9f508e12526b8",
    "https://deno.land/std@0.152.0/http/mod.ts": "c9d4aa4e4fb5d817de8d1b7dba53fe23d037499c5bb57697017d1f3641415afc",
    "https://deno.land/std@0.152.0/http/negotiation.ts": "f35b1ff2ad4ff9feaa00ac234960b398172768205c8eceaef7f2eafe34716ba2",
    "https://deno.land/std@0.152.0/http/server.ts": "0b0a9f3abfcfecead944b31ee9098a0c11a59b0495bf873ee200eb80e7441483",
    "https://deno.land/std@0.76.0/encoding/base64.ts": "b1d8f99b778981548457ec74bc6273ad785ffd6f61b2233bd5b30925345b565d",
    "https://deno.land/x/case@2.1.1/camelCase.ts": "0808961e69e1883c6e94faf85e333196a464ceba46ddc76984d7b8ce9e26a43a",
    "https://deno.land/x/case@2.1.1/constantCase.ts": "e50eaa8a45cf68417902fda218f03a99e45e2a30f7fce2db325306c84e8c3f0a",
    "https://deno.land/x/case@2.1.1/dotCase.ts": "ef3977567057e6c2a4e1b5ca09ec34b9e0788c1a50246187c11f435a468be17e",
    "https://deno.land/x/case@2.1.1/headerCase.ts": "4440a251a196fb6d7090213c39e4c6c50ddecab90c14ec91495bee3563082d3c",
    "https://deno.land/x/case@2.1.1/lowerCase.ts": "86d5533f9587ed60003181591e40e648838c23f371edfa79d00288153d113b16",
    "https://deno.land/x/case@2.1.1/lowerFirstCase.ts": "74e8ebe10f3c54a9d8e81d21127a20fcfb34c446e9c49b2a335162babd652de9",
    "https://deno.land/x/case@2.1.1/mod.ts": "28b0b1329c7b18730799ac05627a433d9547c04b9bfb429116247c60edecd97b",
    "https://deno.land/x/case@2.1.1/normalCase.ts": "6a8b924da9ab0790d99233ae54bfcfc996d229cb91b2533639fe20972cc33dac",
    "https://deno.land/x/case@2.1.1/paramCase.ts": "cf3101c59fd4f16ee14fd09985adb7fa3dbfb194f102499986f7407995202394",
    "https://deno.land/x/case@2.1.1/pascalCase.ts": "f68936d584182c8f4b341238bd9c424b1a740bfba3ab2847234f57a4c205f1df",
    "https://deno.land/x/case@2.1.1/pathCase.ts": "76e5f437369f8981e17ecdb07870e1c9c8d2d0357f1bf3377e2b0eb132159ed8",
    "https://deno.land/x/case@2.1.1/sentenceCase.ts": "f3355985a6a41e088c8c9be80219e5e055a68ad9a987df084a57ee437a0871c5",
    "https://deno.land/x/case@2.1.1/snakeCase.ts": "ee2ab4e2c931d30bb79190d090c21eb5c00d1de1b7a9a3e7f33e035ae431333b",
    "https://deno.land/x/case@2.1.1/swapCase.ts": "d9b5ee5b8e1ee3d202cbce32a504dde976b9002ed94b4527054a004179905dbb",
    "https://deno.land/x/case@2.1.1/titleCase.ts": "36d3fc73df58712240a74b04d84191ac22dd2866bef3838b02157f8e46cb0ecb",
    "https://deno.land/x/case@2.1.1/types.ts": "8e2bd6edaa27c0d1972c0d5b76698564740f37b4d3787d58d1fb5f48de611e61",
    "https://deno.land/x/case@2.1.1/upperCase.ts": "e6a1a3dea30e17013aa212ec237b35e2dd5c5c0b1501778c07db66ff0bbe4372",
    "https://deno.land/x/case@2.1.1/upperFirstCase.ts": "2b083db95744105a4f4accefe66dcd09390634514abf757fc580a7ebad58bf4f",
    "https://deno.land/x/case@2.1.1/vendor/camelCaseRegexp.ts": "7d9ff02aad4ab6429eeab7c7353f7bcdd6cc5909a8bd3dda97918c8bbb7621ae",
    "https://deno.land/x/case@2.1.1/vendor/camelCaseUpperRegexp.ts": "292de54a698370f90adcdf95727993d09888b7f33d17f72f8e54ba75f7791787",
    "https://deno.land/x/case@2.1.1/vendor/nonWordRegexp.ts": "c1a052629a694144b48c66b0175a22a83f4d61cb40f4e45293fc5d6b123f927e",
    "https://deno.land/x/event@1.0.0/mod.ts": "6033c83206c1f46fb43fd628f006c6642293180999af6e172432f041b32e4294",
    "https://deno.land/x/fetchbase64@1.0.0/deps.ts": "2f44013a40540650b346d36b6aae141207b39426fca02ec5292d9d4d5f33f4ac",
    "https://deno.land/x/fetchbase64@1.0.0/mod.ts": "f4551a2ecf41f560dcd12c6c8cf65b5246458b2b9b2b2836693a3410b15ca82f",
    "https://deno.land/x/fetchbase64@1.0.0/src/auto.ts": "77a20763dd250b71af0ff7abe11a37722c0ee637cd1feafe4afd081f7d04e868",
    "https://deno.land/x/fetchbase64@1.0.0/src/local.ts": "53a9d0157419f3bc1aac6440549adac529c475042d2391532618242a883f96c9",
    "https://deno.land/x/fetchbase64@1.0.0/src/remote.ts": "95320d1e2cba524099f18a446195388de31281e713ec6c86e46f9d20bb6db736",
    "https://deno.land/x/moogle@v1.0.0/mod.ts": "ec9706851cbb827fbc878056cb44e9e3b9bf5cd736b1105152a88a9adf4b77d8",
    "https://deno.land/x/moogle@v1.0.0/src/Moogle.ts": "38059b6d8db06ad949401d6e98368ee37a72bc063d0f812be256552908bd243c",
    "https://deno.land/x/nano_jsx@v0.0.33/component.ts": "a9526ac725336e8721c05f7b35e07105ec6ed0fcf2e81ae97f0724cc33e61fae",
    "https://deno.land/x/nano_jsx@v0.0.33/components/helmet.ts": "59e598dc79c7b18620de175c61eb26f4aeb6905a6654cd63359208a26471541e",
    "https://deno.land/x/nano_jsx@v0.0.33/components/img.ts": "82a9f830394a7d6cd9b789b48fe1e70bc64eb151c4b410a3da74347c06acdae0",
    "https://deno.land/x/nano_jsx@v0.0.33/components/index.ts": "8855ee8302a9a19f38202d4a7ff5b17e22942600da02356bdfbc80c99c5c55f5",
    "https://deno.land/x/nano_jsx@v0.0.33/components/link.ts": "0f0b1c57dc8c466203105062335e0d9ded89a34e75d08b1bbeece198d42021cb",
    "https://deno.land/x/nano_jsx@v0.0.33/components/router.ts": "1feb8b6881641a18a3bdd937089b3f5a7b9f36948f8178a85acde7e4c9294a6d",
    "https://deno.land/x/nano_jsx@v0.0.33/components/suspense.ts": "0711b7cdcd42b0b085972eca796d3ba7c436a736e1d2ce17db7e0cd1d3b928f5",
    "https://deno.land/x/nano_jsx@v0.0.33/components/visible.ts": "f19487f7faff0bad38a5549f1efac1df351e83ee4a77ca5886412b439f4b6b53",
    "https://deno.land/x/nano_jsx@v0.0.33/context.ts": "a65018beedf3e1863b96f9d99cf2d471c231a6ae0c77877a77754a398105f9fc",
    "https://deno.land/x/nano_jsx@v0.0.33/core.ts": "51db6604ae0e7abb0d61ed39eb74c2daa58da7ac05fbe1299659f5332e4ea3b0",
    "https://deno.land/x/nano_jsx@v0.0.33/customElementsMode.ts": "f5446d3c3afe803a7f97a3434d3970e662f5d0635db79b0e4010e2972ff66a6e",
    "https://deno.land/x/nano_jsx@v0.0.33/fragment.ts": "9cfb0dcdcb02d5cc53f027b4b55609e4f9d6d9322b665292e572856f4b688569",
    "https://deno.land/x/nano_jsx@v0.0.33/helpers.ts": "d904aa646534f1c0cf7c05a6c8e02231f906d962acb725c964aedbcf50216d85",
    "https://deno.land/x/nano_jsx@v0.0.33/htm.ts": "d8d9cd4fb4ad4645bff3698c7eb96e7798022c5519d04e709ebde236edde156b",
    "https://deno.land/x/nano_jsx@v0.0.33/htm/build.ts": "9d6b6eb407c0db2d1213a3f9c82efc66a2bec34c89976132ff13e3e095dcaaaf",
    "https://deno.land/x/nano_jsx@v0.0.33/htm/constants.ts": "3f296f87f03bd0ba8d7673884a1f6c4c927a2774648eaa4fd3ca9e3c46c3f7b8",
    "https://deno.land/x/nano_jsx@v0.0.33/htm/index.ts": "29912b9f7a760884fce79caca82649b9772cfa3c3272e0426a4ce377b67d70d5",
    "https://deno.land/x/nano_jsx@v0.0.33/index.ts": "0f39c911a39c61cb39f9bd8a2481500126dcb1b2a826d5b4523dd47a08b6938d",
    "https://deno.land/x/nano_jsx@v0.0.33/jsx.ts": "7d5b4d4a249fba1a42f2016f54f71ca049d96ff490e098db4a19b2a9b197b952",
    "https://deno.land/x/nano_jsx@v0.0.33/lazy.ts": "f8b8a2b915daff1fb70704ffad5171c805f1e28778b5cd0f8c827780762776c4",
    "https://deno.land/x/nano_jsx@v0.0.33/mod.ts": "3dda2bc0dbee9abd01c03acf43ab55a7854952afe0450245fc2ad12eb9bd9598",
    "https://deno.land/x/nano_jsx@v0.0.33/regexDom.ts": "de82fd3110c5a367e3d4ba9b774cfef3baf995deff455edc7363551d79089c90",
    "https://deno.land/x/nano_jsx@v0.0.33/ssr.ts": "8f77228a7ed13990deba0c1a69d7d3f2902c837b62d24f5b7a019f84c96ad234",
    "https://deno.land/x/nano_jsx@v0.0.33/state.ts": "cfc6ca6eb5e65f4cd60717a0a96ce604053bacf6e0b8835afbe22327e9979a1b",
    "https://deno.land/x/nano_jsx@v0.0.33/store.ts": "653e8c53d6ed4e410c76b1a7a044aa7cc71ff00fb3af9f3a94253591b5f4dcea",
    "https://deno.land/x/nano_jsx@v0.0.33/version.ts": "34a9b38ce9b7022432f5f4c387d89e9501252879d51291e4235904153b9f52bf",
    "https://deno.land/x/nano_jsx@v0.0.33/withStyles.ts": "8aae4c8e79319fe991d49dd8ccc927c221786dfe58de640dba9d9885ce0dd4b7",
    "https://deno.land/x/redis@v0.25.1/connection.ts": "74e69aca7538367b8a95cd1e73e26d7fa483d409bbd7d645481a46344a067af3",
    "https://deno.land/x/redis@v0.25.1/errors.ts": "b4d05747d2002190593a8aa436442a9a62beae0a92351c49aeb1f8220c8401cf",
    "https://deno.land/x/redis@v0.25.1/executor.ts": "03e5f43df4e0c9c62b0e1be778811d45b6a1966ddf406e21ed5a227af70b7183",
    "https://deno.land/x/redis@v0.25.1/mod.ts": "bf89920411bfa366a65b1cd1175eb30f383d5357f90d70a95efd77f8bd78c36e",
    "https://deno.land/x/redis@v0.25.1/pipeline.ts": "ee2e736138f8428b8aba5b8efbc1ea7757a3b673caa1b1c02fe433a35e1d5de7",
    "https://deno.land/x/redis@v0.25.1/protocol/_util.ts": "0525f7f444a96b92cd36423abdfe221f8d8de4a018dc5cb6750a428a5fc897c2",
    "https://deno.land/x/redis@v0.25.1/protocol/command.ts": "027fc65461f22c1ea9a6a41de9f9e4ac39a359a2229df16b280b3cfd69be4eea",
    "https://deno.land/x/redis@v0.25.1/protocol/mod.ts": "e71efc7e605fc71e2816129e7a40a19a8053dc008adc17b1f56ae6f47e6506c4",
    "https://deno.land/x/redis@v0.25.1/protocol/reply.ts": "8f5517807b31a9da6aabd738e25433a9d36bca1a97cb1ac310156b58656a94aa",
    "https://deno.land/x/redis@v0.25.1/pubsub.ts": "a51807268fff329f315496611f0044c9d7dc6caf432b0b592c7179e250ccb818",
    "https://deno.land/x/redis@v0.25.1/redis.ts": "dfad3e83bc3ef61a4a918cf7e763f40919cbb3599fbb3baf2911bdeda193d4db",
    "https://deno.land/x/redis@v0.25.1/stream.ts": "fcbb29932755cdeb30e7f451bf3aa8d49b5df2c3897e1a4aaa25b210f0e865a2",
    "https://deno.land/x/redis@v0.25.1/vendor/https/deno.land/std/async/deferred.ts": "48221f12e1abb23728620251584636e0cffe6cdcb2aa50c266364a858dd763fa",
    "https://deno.land/x/redis@v0.25.1/vendor/https/deno.land/std/io/buffer.ts": "e37482327f62d4b602adaa4c9737a8c9ca05e0471d555e13adc6930134572f81",
    "https://esm.sh/@silane/datetime@1.2.1?pin=v91": "39fe502a4ca4aadbd71bf58e681e49f8532b6382b78aba074b2204ea3418eccb",
    "https://esm.sh/ts-mixer@6.0.0": "743cd1ad44f871dc62e39138454eea48471ab014ae088e9a8e7003dc32ed8743",
    "https://esm.sh/v130/ts-mixer@6.0.0/denonext/ts-mixer.mjs": "c517106d951327485f01557461f5fc1e6b107a3aa795a9476e7dbce008af022a",
    "https://esm.sh/v91/@silane/datetime@1.2.1/denonext/datetime.mjs": "8df0ef318da34725003f8808bd4350f469d1c68de688ed84fa60d32d494fe557",
    "https://raw.githubusercontent.com/harmonyland/harmony/c437da5ecd0ec42b81173a7e29ccb1f4e31dad06/deps.ts": "91b16f31cda432ab5b055da150e6b236899f72082cf0c0e18ad93b7b9bd21a65",
    "https://raw.githubusercontent.com/harmonyland/harmony/c437da5ecd0ec42b81173a7e29ccb1f4e31dad06/mod.ts": "d6a657b78b282e832e1358bc1fa58c16d100779e0dfeebbe204d931833ff2698",
    "https://raw.githubusercontent.com/harmonyland/harmony/c437da5ecd0ec42b81173a7e29ccb1f4e31dad06/src/cache/adapter.ts": "227cfd1fca519f8c0c37621c3706fdc249ec9df1043aaaad96894341ffeceb43",
    "https://raw.githubusercontent.com/harmonyland/harmony/c437da5ecd0ec42b81173a7e29ccb1f4e31dad06/src/cache/default.ts": "c728244b49405c08e0390a73d3712a19f110cd8d1f5473d2849311ac513d5a85",
    "https://raw.githubusercontent.com/harmonyland/harmony/c437da5ecd0ec42b81173a7e29ccb1f4e31dad06/src/cache/mod.ts": "e8cc80c705c86954a8544ec311f07a65600af38890a3c7124410c45a91968d0a",
    "https://raw.githubusercontent.com/harmonyland/harmony/c437da5ecd0ec42b81173a7e29ccb1f4e31dad06/src/cache/redis.ts": "a217d8231aab7621c1ea63e62e0bdafe8a5c21157f62064ad62a815656757829",
    "https://raw.githubusercontent.com/harmonyland/harmony/c437da5ecd0ec42b81173a7e29ccb1f4e31dad06/src/client/client.ts": "875a299c583006ce52f942984b8cc62941f50911b89196030a9f03d1d6419c14",
    "https://raw.githubusercontent.com/harmonyland/harmony/c437da5ecd0ec42b81173a7e29ccb1f4e31dad06/src/client/collectors.ts": "f8f4d80b5bdac255ffcf725a702f7180cf92678288137fa2d96399a102197553",
    "https://raw.githubusercontent.com/harmonyland/harmony/c437da5ecd0ec42b81173a7e29ccb1f4e31dad06/src/client/mod.ts": "705b82fd8b2b5c32df18f356de57a4d9e4377a0cd2a0ca17cfb00e4b042be3ac",
    "https://raw.githubusercontent.com/harmonyland/harmony/c437da5ecd0ec42b81173a7e29ccb1f4e31dad06/src/client/shard.ts": "f4d0017f613ec1e2b34fe52e69633ab0d2659167b1110893df65f8a2359acfdd",
    "https://raw.githubusercontent.com/harmonyland/harmony/c437da5ecd0ec42b81173a7e29ccb1f4e31dad06/src/client/voice.ts": "dd403cec0ea8db33b41194df3f3264e0a4907190054bf2dbfe1b56dce51f31b3",
    "https://raw.githubusercontent.com/harmonyland/harmony/c437da5ecd0ec42b81173a7e29ccb1f4e31dad06/src/commands/client.ts": "6dda746b951317b1e5d3fb75d1c906db71079245989e3fc67f7d501645619fa5",
    "https://raw.githubusercontent.com/harmonyland/harmony/c437da5ecd0ec42b81173a7e29ccb1f4e31dad06/src/commands/command.ts": "7c0f824bd10ec564b01842dfe8b05169278087d72d5feef6c6c20b8f46deb669",
    "https://raw.githubusercontent.com/harmonyland/harmony/c437da5ecd0ec42b81173a7e29ccb1f4e31dad06/src/commands/extension.ts": "7a4d3b3eefd32bd5b653c7573c26ade85d1fe1126a017dd6cacd59458a697b55",
    "https://raw.githubusercontent.com/harmonyland/harmony/c437da5ecd0ec42b81173a7e29ccb1f4e31dad06/src/gateway/handlers/channelCreate.ts": "b95620f1b8f6d1291499860f1a93109b59c1d43f364fa2ea345fab94475b242f",
    "https://raw.githubusercontent.com/harmonyland/harmony/c437da5ecd0ec42b81173a7e29ccb1f4e31dad06/src/gateway/handlers/channelDelete.ts": "471fc308d6a34de0d88cb602964a064d8065e622c2b7bfc0e9b14285560cb19b",
    "https://raw.githubusercontent.com/harmonyland/harmony/c437da5ecd0ec42b81173a7e29ccb1f4e31dad06/src/gateway/handlers/channelPinsUpdate.ts": "f2e400aeb9a83509fbf338a3f445aabaa9f2513e6e12b344c993ddaddd8e00cb",
    "https://raw.githubusercontent.com/harmonyland/harmony/c437da5ecd0ec42b81173a7e29ccb1f4e31dad06/src/gateway/handlers/channelUpdate.ts": "c335b9e98a72a8b6772122a2649424f22b42ad2706a451eb934063eb327d06cc",
    "https://raw.githubusercontent.com/harmonyland/harmony/c437da5ecd0ec42b81173a7e29ccb1f4e31dad06/src/gateway/handlers/guildBanAdd.ts": "4aea7c19fde3d19be593c219a1325d75e5a1fa27aa5a1e6e52e59cc3fccdb270",
    "https://raw.githubusercontent.com/harmonyland/harmony/c437da5ecd0ec42b81173a7e29ccb1f4e31dad06/src/gateway/handlers/guildBanRemove.ts": "7416b0fd4c0953a35c5d2027154505010ae08ca219839233cc6f9cad00d4bf7d",
    "https://raw.githubusercontent.com/harmonyland/harmony/c437da5ecd0ec42b81173a7e29ccb1f4e31dad06/src/gateway/handlers/guildCreate.ts": "30e9044e7a179d71089d4215ee6902a5ef320200a9b43c0d51180ac99bffbb85",
    "https://raw.githubusercontent.com/harmonyland/harmony/c437da5ecd0ec42b81173a7e29ccb1f4e31dad06/src/gateway/handlers/guildDelete.ts": "3af16441faad0f125a970809409b5513a767e0ac2ba53d79ae0363ea7de3fdd4",
    "https://raw.githubusercontent.com/harmonyland/harmony/c437da5ecd0ec42b81173a7e29ccb1f4e31dad06/src/gateway/handlers/guildEmojiUpdate.ts": "0e3b853317755e0b4221a8a259a6635b330e93c05cc347b847a2fc199135128e",
    "https://raw.githubusercontent.com/harmonyland/harmony/c437da5ecd0ec42b81173a7e29ccb1f4e31dad06/src/gateway/handlers/guildIntegrationsUpdate.ts": "8a29116d28cf14464ede93abd2475e806a88685ebb6877cce8967d5dbfd8c0e7",
    "https://raw.githubusercontent.com/harmonyland/harmony/c437da5ecd0ec42b81173a7e29ccb1f4e31dad06/src/gateway/handlers/guildMemberAdd.ts": "de2551f1ebed02f37d8cf828691f4e753677fcc586e8d3a73165e4416513b3e3",
    "https://raw.githubusercontent.com/harmonyland/harmony/c437da5ecd0ec42b81173a7e29ccb1f4e31dad06/src/gateway/handlers/guildMemberRemove.ts": "27c57911d5a68b5b7a2487c796b1289fa23e1d0e17536b22abaeb56dd8004a2e",
    "https://raw.githubusercontent.com/harmonyland/harmony/c437da5ecd0ec42b81173a7e29ccb1f4e31dad06/src/gateway/handlers/guildMemberUpdate.ts": "275946ff6af9369f4a4540eb776585d87e48e4ba950d1d6dd4941d7f399b2de3",
    "https://raw.githubusercontent.com/harmonyland/harmony/c437da5ecd0ec42b81173a7e29ccb1f4e31dad06/src/gateway/handlers/guildMembersChunk.ts": "a4fbc4b8c01b65dd77e1454e49d770a63a1240c06e8fb8c052bd3682c97134f7",
    "https://raw.githubusercontent.com/harmonyland/harmony/c437da5ecd0ec42b81173a7e29ccb1f4e31dad06/src/gateway/handlers/guildRoleCreate.ts": "10e17b837fd66a258136f9d96471d1c3cc1a9c058fddb59ec55521f79768f264",
    "https://raw.githubusercontent.com/harmonyland/harmony/c437da5ecd0ec42b81173a7e29ccb1f4e31dad06/src/gateway/handlers/guildRoleDelete.ts": "5ae8e25d20aab648ad30bc143f03347d062459b08470e27b8c9873477126de8f",
    "https://raw.githubusercontent.com/harmonyland/harmony/c437da5ecd0ec42b81173a7e29ccb1f4e31dad06/src/gateway/handlers/guildRoleUpdate.ts": "94a23201e8c21bb763b3d8845cf3991c2b618433a089e849c2c399eb71183ceb",
    "https://raw.githubusercontent.com/harmonyland/harmony/c437da5ecd0ec42b81173a7e29ccb1f4e31dad06/src/gateway/handlers/guildStickersUpdate.ts": "5bd32d928ab2af388e2f876720f4c89c478209617af80f00655ab227cdd76b2a",
    "https://raw.githubusercontent.com/harmonyland/harmony/c437da5ecd0ec42b81173a7e29ccb1f4e31dad06/src/gateway/handlers/guildUpdate.ts": "ced94b0bea8e494cbef8e61a8576f71416eaee79718a64dc59d43883abe7f075",
    "https://raw.githubusercontent.com/harmonyland/harmony/c437da5ecd0ec42b81173a7e29ccb1f4e31dad06/src/gateway/handlers/interactionCreate.ts": "403ee91ea497fd5585c6b95bf9a54c66b0de90698e709819f27ad6caad042237",
    "https://raw.githubusercontent.com/harmonyland/harmony/c437da5ecd0ec42b81173a7e29ccb1f4e31dad06/src/gateway/handlers/inviteCreate.ts": "c6a219ee104d965f6b5eabd7069d0e6f2e02f19a723b3681ecd2a28d8cddca95",
    "https://raw.githubusercontent.com/harmonyland/harmony/c437da5ecd0ec42b81173a7e29ccb1f4e31dad06/src/gateway/handlers/inviteDelete.ts": "a0bf84cd89c6cb4ceb8e9b0bc88eacadf130ea52fc1f133ab386eada5194257c",
    "https://raw.githubusercontent.com/harmonyland/harmony/c437da5ecd0ec42b81173a7e29ccb1f4e31dad06/src/gateway/handlers/messageCreate.ts": "1e01a947fc730bb26aab1a4f856f0f806783c6457f70004cfe3f2e8a9def1745",
    "https://raw.githubusercontent.com/harmonyland/harmony/c437da5ecd0ec42b81173a7e29ccb1f4e31dad06/src/gateway/handlers/messageDelete.ts": "2536d7466a16950bd4d5f1b7e4139f707e6b99cc57141d2f9727033664ffd45c",
    "https://raw.githubusercontent.com/harmonyland/harmony/c437da5ecd0ec42b81173a7e29ccb1f4e31dad06/src/gateway/handlers/messageDeleteBulk.ts": "5ef5a39281ca4dd2826156480a288d2c3a4247291d2035768448cfc95bd14aa4",
    "https://raw.githubusercontent.com/harmonyland/harmony/c437da5ecd0ec42b81173a7e29ccb1f4e31dad06/src/gateway/handlers/messageReactionAdd.ts": "e799f656096d9225e053bd9666294c5bb4f31896fd1a8c7682fcf0469bd3f482",
    "https://raw.githubusercontent.com/harmonyland/harmony/c437da5ecd0ec42b81173a7e29ccb1f4e31dad06/src/gateway/handlers/messageReactionRemove.ts": "988481427bf99db045ee830d5145317a0c0b6500a39b242e99cb53454993cc3b",
    "https://raw.githubusercontent.com/harmonyland/harmony/c437da5ecd0ec42b81173a7e29ccb1f4e31dad06/src/gateway/handlers/messageReactionRemoveAll.ts": "809b99d690ab54653485062fe2be72464bcf265ef4d0d329a0351b01cbe050f5",
    "https://raw.githubusercontent.com/harmonyland/harmony/c437da5ecd0ec42b81173a7e29ccb1f4e31dad06/src/gateway/handlers/messageReactionRemoveEmoji.ts": "183955ca5be09a222aac21f4b765547eb081a7cd9c2b6ff6cfdf20e6c0a27905",
    "https://raw.githubusercontent.com/harmonyland/harmony/c437da5ecd0ec42b81173a7e29ccb1f4e31dad06/src/gateway/handlers/messageUpdate.ts": "20b8ac5fa5a3cf4354e563a7ddc74c2e5b8c902e23091c5a9321b7bd89eb95b7",
    "https://raw.githubusercontent.com/harmonyland/harmony/c437da5ecd0ec42b81173a7e29ccb1f4e31dad06/src/gateway/handlers/mod.ts": "5ea39794c52dd7b341cab8f30aabd9bb05691b71494b3c8d538ef3387e50b62c",
    "https://raw.githubusercontent.com/harmonyland/harmony/c437da5ecd0ec42b81173a7e29ccb1f4e31dad06/src/gateway/handlers/presenceUpdate.ts": "bedd2c3f371b9a8b6238f7b7e15c683d1f26618faa6137270401dde3a12520cf",
    "https://raw.githubusercontent.com/harmonyland/harmony/c437da5ecd0ec42b81173a7e29ccb1f4e31dad06/src/gateway/handlers/ready.ts": "fb5e5c898b2228d0efb411d497ed4b5cb5623768487f7e36a4b855968f91ef00",
    "https://raw.githubusercontent.com/harmonyland/harmony/c437da5ecd0ec42b81173a7e29ccb1f4e31dad06/src/gateway/handlers/reconnect.ts": "b0b4fff4f47de44f0637ad7aea0920b775731dee15ea07c355741374e0676f04",
    "https://raw.githubusercontent.com/harmonyland/harmony/c437da5ecd0ec42b81173a7e29ccb1f4e31dad06/src/gateway/handlers/resume.ts": "0b710b10459c523015541ab9a2150a4ded333d769d8f1d7c644b64b065639fcc",
    "https://raw.githubusercontent.com/harmonyland/harmony/c437da5ecd0ec42b81173a7e29ccb1f4e31dad06/src/gateway/handlers/threadCreate.ts": "591982967e164354d42050a0f7fcc62a772d4e464c66462928c5cf8ee6b0753f",
    "https://raw.githubusercontent.com/harmonyland/harmony/c437da5ecd0ec42b81173a7e29ccb1f4e31dad06/src/gateway/handlers/threadDelete.ts": "29ee5a3dd5e10fdbbc6974025d8746baaeb03362e0f8aeef07cdaae625958b28",
    "https://raw.githubusercontent.com/harmonyland/harmony/c437da5ecd0ec42b81173a7e29ccb1f4e31dad06/src/gateway/handlers/threadListSync.ts": "0bc0f553f9776049289ebe79acde0a13e472da379ddfee59e8e25e5b02947d2b",
    "https://raw.githubusercontent.com/harmonyland/harmony/c437da5ecd0ec42b81173a7e29ccb1f4e31dad06/src/gateway/handlers/threadMemberUpdate.ts": "ebd1bf33a5247f74c095d5f8b3df36f71f842a9b203be00be40579df11b7aea4",
    "https://raw.githubusercontent.com/harmonyland/harmony/c437da5ecd0ec42b81173a7e29ccb1f4e31dad06/src/gateway/handlers/threadMembersUpdate.ts": "1757a014a012cc444ad42afe00c31194b00a33583853a5744484b6ada3e5d344",
    "https://raw.githubusercontent.com/harmonyland/harmony/c437da5ecd0ec42b81173a7e29ccb1f4e31dad06/src/gateway/handlers/threadUpdate.ts": "4ada9ee46f8620d9b7f2e070c2d59b816643a27c556b246c4033173da71011c4",
    "https://raw.githubusercontent.com/harmonyland/harmony/c437da5ecd0ec42b81173a7e29ccb1f4e31dad06/src/gateway/handlers/typingStart.ts": "4eda773351b78ecaddb3339f0a42a81a2c9227666515caf71c20e2b5301d2c7f",
    "https://raw.githubusercontent.com/harmonyland/harmony/c437da5ecd0ec42b81173a7e29ccb1f4e31dad06/src/gateway/handlers/userUpdate.ts": "3ae2b0b590fcb09e36a45e07973e20703ae5b57a3ada2806dce99e25aed01126",
    "https://raw.githubusercontent.com/harmonyland/harmony/c437da5ecd0ec42b81173a7e29ccb1f4e31dad06/src/gateway/handlers/voiceServerUpdate.ts": "67ebe6b1a99ec6589b6dc575cd2a088b4afd7dbf849e61355400bf3342393d7e",
    "https://raw.githubusercontent.com/harmonyland/harmony/c437da5ecd0ec42b81173a7e29ccb1f4e31dad06/src/gateway/handlers/voiceStateUpdate.ts": "99b9ff2ef5c0520a0c5f62287630e266ab4965757ef9bd5f7ac05bf44461e31d",
    "https://raw.githubusercontent.com/harmonyland/harmony/c437da5ecd0ec42b81173a7e29ccb1f4e31dad06/src/gateway/handlers/webhooksUpdate.ts": "04991c8e12ad97a32c502d2e55cf80d1ade2cc7e2bdd6ae00105a4a01b48c10b",
    "https://raw.githubusercontent.com/harmonyland/harmony/c437da5ecd0ec42b81173a7e29ccb1f4e31dad06/src/gateway/mod.ts": "2133c284d83509881bed66ef96a205788e042143dc01fcee6a3ced72f4ecb82e",
    "https://raw.githubusercontent.com/harmonyland/harmony/c437da5ecd0ec42b81173a7e29ccb1f4e31dad06/src/interactions/applicationCommand.ts": "40039af71f7df57bf3c8b6f758043e2fc011a2b9a0f850c1fa26cfb47d36d90f",
    "https://raw.githubusercontent.com/harmonyland/harmony/c437da5ecd0ec42b81173a7e29ccb1f4e31dad06/src/interactions/client.ts": "7e46c46996afd6f4c9d06b9694e575e627006db0a31837ea106c20f2192968fe",
    "https://raw.githubusercontent.com/harmonyland/harmony/c437da5ecd0ec42b81173a7e29ccb1f4e31dad06/src/interactions/commandModule.ts": "e0b72c3f3d6428c0d8150eadabb148a62f5403ca1f9f80ba3f2f574f96a430a4",
    "https://raw.githubusercontent.com/harmonyland/harmony/c437da5ecd0ec42b81173a7e29ccb1f4e31dad06/src/interactions/decorators.ts": "64c03dc7a084fff2ff86ad548fd4513203f235c06eef5103048ed3d977243a59",
    "https://raw.githubusercontent.com/harmonyland/harmony/c437da5ecd0ec42b81173a7e29ccb1f4e31dad06/src/interactions/mod.ts": "561ab4a9737e2cec6d0c26bcfd7f4517b9373161ee7e213d1a4e46789ab5dda5",
    "https://raw.githubusercontent.com/harmonyland/harmony/c437da5ecd0ec42b81173a7e29ccb1f4e31dad06/src/interactions/tsxComponents.ts": "c52ad758e52a7fc9d688726fa17445895fac5b9b10520bb19c63975d72affd1d",
    "https://raw.githubusercontent.com/harmonyland/harmony/c437da5ecd0ec42b81173a7e29ccb1f4e31dad06/src/managers/base.ts": "7aaa369c1d16dca4366557c6ebc17a04d0dc83d51adbc9bef8a8b49a70c92a56",
    "https://raw.githubusercontent.com/harmonyland/harmony/c437da5ecd0ec42b81173a7e29ccb1f4e31dad06/src/managers/baseChild.ts": "23c38f7ab6dc916368682fe38ac6ac33e22091593ae7f631032bc2539063612a",
    "https://raw.githubusercontent.com/harmonyland/harmony/c437da5ecd0ec42b81173a7e29ccb1f4e31dad06/src/managers/channelThreads.ts": "68682370f3e098a9301548cb881bd4150df9a796e868a7ee2958eeee592be901",
    "https://raw.githubusercontent.com/harmonyland/harmony/c437da5ecd0ec42b81173a7e29ccb1f4e31dad06/src/managers/channels.ts": "efe94437a4d55c1172cdb007f8eee9631122e37a68aab884d5f1047e194b1dc4",
    "https://raw.githubusercontent.com/harmonyland/harmony/c437da5ecd0ec42b81173a7e29ccb1f4e31dad06/src/managers/emojis.ts": "bab6fbcf327d194ed6e2fc40b6d8822eadaf4f6ade4da3a8028bcf9d407e2aca",
    "https://raw.githubusercontent.com/harmonyland/harmony/c437da5ecd0ec42b81173a7e29ccb1f4e31dad06/src/managers/gatewayCache.ts": "8f673dde8a19e0339781f63268fa06b883645726a1e4d90b5dc3a6f891890613",
    "https://raw.githubusercontent.com/harmonyland/harmony/c437da5ecd0ec42b81173a7e29ccb1f4e31dad06/src/managers/guildChannelVoiceStates.ts": "2e3f0e5cc0ff722463d8ef5e65671f1081e82f668a3e4f49407aa45a7b7e1933",
    "https://raw.githubusercontent.com/harmonyland/harmony/c437da5ecd0ec42b81173a7e29ccb1f4e31dad06/src/managers/guildChannels.ts": "86a01d0354ae2976b46d07032863a06e21e80c3bcb8ba8c202bcad0cb6ed478a",
    "https://raw.githubusercontent.com/harmonyland/harmony/c437da5ecd0ec42b81173a7e29ccb1f4e31dad06/src/managers/guildEmojis.ts": "d2ebeb4810f1dce1033bcae2d59f3829bb2c4e5701718b9e1e3ecaa56eb67304",
    "https://raw.githubusercontent.com/harmonyland/harmony/c437da5ecd0ec42b81173a7e29ccb1f4e31dad06/src/managers/guildStickers.ts": "e08c0bb3ad60dcda71e6be59d2d8a73ab605cd0b1aed7e93d6c4927e33260695",
    "https://raw.githubusercontent.com/harmonyland/harmony/c437da5ecd0ec42b81173a7e29ccb1f4e31dad06/src/managers/guildVoiceStates.ts": "3dcc714aa2cd1848e684bb5ce8052550b4d970858d329ecb28acbc2f8656ca9b",
    "https://raw.githubusercontent.com/harmonyland/harmony/c437da5ecd0ec42b81173a7e29ccb1f4e31dad06/src/managers/guilds.ts": "8695a6e28ad73b3650a260bf90ca5ec33e18cf5ef3bf27676cda0198b2046bdb",
    "https://raw.githubusercontent.com/harmonyland/harmony/c437da5ecd0ec42b81173a7e29ccb1f4e31dad06/src/managers/invites.ts": "863f8b6671df1a27ec9297a146c9df082cfe0589d047aaf010722d186fc24ea5",
    "https://raw.githubusercontent.com/harmonyland/harmony/c437da5ecd0ec42b81173a7e29ccb1f4e31dad06/src/managers/memberRoles.ts": "0e453d3c16e94c360c7877c1fc5e42a5a85b63dc595a7b61edfe1849ad8ef100",
    "https://raw.githubusercontent.com/harmonyland/harmony/c437da5ecd0ec42b81173a7e29ccb1f4e31dad06/src/managers/members.ts": "3fa5d9f6235b699ab9d85b698816f9e576d3c74c7ef865a331cf977ff545d162",
    "https://raw.githubusercontent.com/harmonyland/harmony/c437da5ecd0ec42b81173a7e29ccb1f4e31dad06/src/managers/messageReactions.ts": "83dedcaedd55a1a39c9686ab09f7c200cc27e2f787dac598a75378f899c5df86",
    "https://raw.githubusercontent.com/harmonyland/harmony/c437da5ecd0ec42b81173a7e29ccb1f4e31dad06/src/managers/messages.ts": "eb044effe3d5b3993b82517562001de8c0597995be4e5a25c2fd0504483eb2dd",
    "https://raw.githubusercontent.com/harmonyland/harmony/c437da5ecd0ec42b81173a7e29ccb1f4e31dad06/src/managers/presences.ts": "3e417198f46cb4848fb75dd3b3cd0a705c5ee7158e982cb39e16df6e8a1e1174",
    "https://raw.githubusercontent.com/harmonyland/harmony/c437da5ecd0ec42b81173a7e29ccb1f4e31dad06/src/managers/reactionUsers.ts": "47e52f1f4282134f917373baae4fbc606da33ba3daf0a9149158c947f8bbe6c1",
    "https://raw.githubusercontent.com/harmonyland/harmony/c437da5ecd0ec42b81173a7e29ccb1f4e31dad06/src/managers/roles.ts": "2c2ece8446de602df9f5caf75887c216c35d7efc0926dde1b30f430053b3238e",
    "https://raw.githubusercontent.com/harmonyland/harmony/c437da5ecd0ec42b81173a7e29ccb1f4e31dad06/src/managers/stickers.ts": "4b93f511a2e67ea1ca5513075f85109da0f88feaa89aceb0efd1c007ec94fc67",
    "https://raw.githubusercontent.com/harmonyland/harmony/c437da5ecd0ec42b81173a7e29ccb1f4e31dad06/src/managers/threadMembers.ts": "2530754630d1e537e5849e5f552281fee65dde79eb7a727d481e0881135cce54",
    "https://raw.githubusercontent.com/harmonyland/harmony/c437da5ecd0ec42b81173a7e29ccb1f4e31dad06/src/managers/threads.ts": "c12bb7db6e1c66467e0061fa6917e1cd6f31c671a99e51d14371410eb7542453",
    "https://raw.githubusercontent.com/harmonyland/harmony/c437da5ecd0ec42b81173a7e29ccb1f4e31dad06/src/managers/users.ts": "05c04b5712b69c183649d3b7366021093abe214c76da92d88b17a400cb93b873",
    "https://raw.githubusercontent.com/harmonyland/harmony/c437da5ecd0ec42b81173a7e29ccb1f4e31dad06/src/rest/bucket.ts": "dec28cff552156228666508ae9ede6236162086670e565f8c84c0442890cbe4d",
    "https://raw.githubusercontent.com/harmonyland/harmony/c437da5ecd0ec42b81173a7e29ccb1f4e31dad06/src/rest/endpoints.ts": "aca30d7a0dd1670af793b15aa2236de170594b681e604503bda7cc08dc759db3",
    "https://raw.githubusercontent.com/harmonyland/harmony/c437da5ecd0ec42b81173a7e29ccb1f4e31dad06/src/rest/error.ts": "bd8bb46443c3d0bb5e60f3ad87e080e11ac132c4a4dc58afa2c48d94c35e794e",
    "https://raw.githubusercontent.com/harmonyland/harmony/c437da5ecd0ec42b81173a7e29ccb1f4e31dad06/src/rest/manager.ts": "92f0fe7b822e035f5bb5cbaa5c6725bcdf93ef8276f5a11484ff380cd138eb94",
    "https://raw.githubusercontent.com/harmonyland/harmony/c437da5ecd0ec42b81173a7e29ccb1f4e31dad06/src/rest/mod.ts": "96b368e712eda4aceba394061c74f98a9ce157f924c9fc0b7fdde592d6162289",
    "https://raw.githubusercontent.com/harmonyland/harmony/c437da5ecd0ec42b81173a7e29ccb1f4e31dad06/src/rest/queue.ts": "b4af52191b6315ab34652ef385d99866c062d2973c6d3599a184fb44bbc66fda",
    "https://raw.githubusercontent.com/harmonyland/harmony/c437da5ecd0ec42b81173a7e29ccb1f4e31dad06/src/rest/request.ts": "c8b3f923e800ae6f87b37f1208724f7079b5ff5c6bbc9135ae906afb316b5e18",
    "https://raw.githubusercontent.com/harmonyland/harmony/c437da5ecd0ec42b81173a7e29ccb1f4e31dad06/src/rest/types.ts": "6c8abf8fe7302d6256c7424dbeee7f447b2521c54150f46e35b18eef1508b9eb",
    "https://raw.githubusercontent.com/harmonyland/harmony/c437da5ecd0ec42b81173a7e29ccb1f4e31dad06/src/structures/application.ts": "4f6113b54fa0c3028d98588c7579d80d13b78053e9210a453dfd297c374b6897",
    "https://raw.githubusercontent.com/harmonyland/harmony/c437da5ecd0ec42b81173a7e29ccb1f4e31dad06/src/structures/applicationCommand.ts": "ed0a34666ad3d6948cbeea3cd6b1fca1cc8019c9089c3af3b1510abc77cfd789",
    "https://raw.githubusercontent.com/harmonyland/harmony/c437da5ecd0ec42b81173a7e29ccb1f4e31dad06/src/structures/autocompleteInteraction.ts": "c4f046e49f18792b58fae66026e05e65ebd98ab361b1816771226fafc1f140a7",
    "https://raw.githubusercontent.com/harmonyland/harmony/c437da5ecd0ec42b81173a7e29ccb1f4e31dad06/src/structures/base.ts": "65c28b3a0711a78f0dd54b4230bd94497b74ea3cf267c78b7948849ea9e7707c",
    "https://raw.githubusercontent.com/harmonyland/harmony/c437da5ecd0ec42b81173a7e29ccb1f4e31dad06/src/structures/cdn.ts": "32bd607b16328cf2123eceb5d96d4e40285591b56b91d058ce160035d79c1cd2",
    "https://raw.githubusercontent.com/harmonyland/harmony/c437da5ecd0ec42b81173a7e29ccb1f4e31dad06/src/structures/channel.ts": "d9fafa0ca555d452d0b76da8b8fe522c0f676fdb206d955b845f9c598d817b0e",
    "https://raw.githubusercontent.com/harmonyland/harmony/c437da5ecd0ec42b81173a7e29ccb1f4e31dad06/src/structures/dmChannel.ts": "bc142161003c0799187b5be92c0785e02e3ae63ad4ee98de5a0b3fc27b3fe019",
    "https://raw.githubusercontent.com/harmonyland/harmony/c437da5ecd0ec42b81173a7e29ccb1f4e31dad06/src/structures/embed.ts": "8429e9eb0e72185fb4980e02c8e70269f0811ff8a3207273ff10e4001e563338",
    "https://raw.githubusercontent.com/harmonyland/harmony/c437da5ecd0ec42b81173a7e29ccb1f4e31dad06/src/structures/emoji.ts": "6475074e49505ddfb58005f7fe4f5bf0780249f963fc8f0423e689de3b5f535d",
    "https://raw.githubusercontent.com/harmonyland/harmony/c437da5ecd0ec42b81173a7e29ccb1f4e31dad06/src/structures/groupChannel.ts": "df255e1926e44db28c9add22d09c3b57f58d8791cd98c935669903f1b02c10a6",
    "https://raw.githubusercontent.com/harmonyland/harmony/c437da5ecd0ec42b81173a7e29ccb1f4e31dad06/src/structures/guild.ts": "48aa47b8b63ebce26885330e33bd5f2ff195df822b98daec4d67a7768d57469b",
    "https://raw.githubusercontent.com/harmonyland/harmony/c437da5ecd0ec42b81173a7e29ccb1f4e31dad06/src/structures/guildCategoryChannel.ts": "2558eb08fff2225d5355af086929b576d756eddb3d195bd47aacea25f9689761",
    "https://raw.githubusercontent.com/harmonyland/harmony/c437da5ecd0ec42b81173a7e29ccb1f4e31dad06/src/structures/guildNewsChannel.ts": "ee76cc4e0d9cef09dc6fa66297ab841ed4cd45fe44ed6804a264e80e8cc77b06",
    "https://raw.githubusercontent.com/harmonyland/harmony/c437da5ecd0ec42b81173a7e29ccb1f4e31dad06/src/structures/guildStageVoiceChannel.ts": "2ab0fe6eb1d56557853770b4264ed73c72ad2df3e6dea7841bf1bca3232791fc",
    "https://raw.githubusercontent.com/harmonyland/harmony/c437da5ecd0ec42b81173a7e29ccb1f4e31dad06/src/structures/guildStoreChannel.ts": "5945c5f648a2b4cbb2ea13aefb31d8d092596e83fbcf83a0eaa9258a107c7529",
    "https://raw.githubusercontent.com/harmonyland/harmony/c437da5ecd0ec42b81173a7e29ccb1f4e31dad06/src/structures/guildTextChannel.ts": "79b8f7cbc3b858c88e8d54d4161173986fa5f99a9a589b8687d3e83caf9362db",
    "https://raw.githubusercontent.com/harmonyland/harmony/c437da5ecd0ec42b81173a7e29ccb1f4e31dad06/src/structures/guildVoiceChannel.ts": "4de3afbd9f9327d13736e2bd7d99e3d24138908ec236f80f922ef0b477daba4e",
    "https://raw.githubusercontent.com/harmonyland/harmony/c437da5ecd0ec42b81173a7e29ccb1f4e31dad06/src/structures/guildVoiceStageChannel.ts": "2ab0fe6eb1d56557853770b4264ed73c72ad2df3e6dea7841bf1bca3232791fc",
    "https://raw.githubusercontent.com/harmonyland/harmony/c437da5ecd0ec42b81173a7e29ccb1f4e31dad06/src/structures/interactions.ts": "9ff13278c57c2a648753abf54e4bf91ec71e38ae373a9e676df4108dafeca711",
    "https://raw.githubusercontent.com/harmonyland/harmony/c437da5ecd0ec42b81173a7e29ccb1f4e31dad06/src/structures/invite.ts": "f4d5cbf29a11313265cd82b431db2b683d1186e935e9c7d121413c5e4939d221",
    "https://raw.githubusercontent.com/harmonyland/harmony/c437da5ecd0ec42b81173a7e29ccb1f4e31dad06/src/structures/member.ts": "92ebf0203cf97d3f61d538aa5a7d68c217e861569759467c785a209c3d3ed9d3",
    "https://raw.githubusercontent.com/harmonyland/harmony/c437da5ecd0ec42b81173a7e29ccb1f4e31dad06/src/structures/message.ts": "1bb56b1261e10639736e46d81aa38a0c59040dd5b869f21e37a30cd5078d7112",
    "https://raw.githubusercontent.com/harmonyland/harmony/c437da5ecd0ec42b81173a7e29ccb1f4e31dad06/src/structures/messageComponents.ts": "9694177a16fa091427eb094316f7c3b8779737dd0e13dae78bc98b63a8e571dc",
    "https://raw.githubusercontent.com/harmonyland/harmony/c437da5ecd0ec42b81173a7e29ccb1f4e31dad06/src/structures/messageMentions.ts": "363daa4587bb603b9db0d7faaa68d6d5775e7300e08df2863619a3afe8c1c8d2",
    "https://raw.githubusercontent.com/harmonyland/harmony/c437da5ecd0ec42b81173a7e29ccb1f4e31dad06/src/structures/messageReaction.ts": "52d7f0ba482b338fa5a7fb74964fa2ee7a2fe6f28257f5f17bd7240102afb6f8",
    "https://raw.githubusercontent.com/harmonyland/harmony/c437da5ecd0ec42b81173a7e29ccb1f4e31dad06/src/structures/messageSticker.ts": "2392ef407bbae90da120c6cf08b583d2153744cb79cb1d680e65e2fde5df024d",
    "https://raw.githubusercontent.com/harmonyland/harmony/c437da5ecd0ec42b81173a7e29ccb1f4e31dad06/src/structures/modalSubmitInteraction.ts": "b3b7c72ddff3f3de07200fc890af354a281ef7e185c5edc55a1640edc5d57cce",
    "https://raw.githubusercontent.com/harmonyland/harmony/c437da5ecd0ec42b81173a7e29ccb1f4e31dad06/src/structures/presence.ts": "5afca6323bf067d184319813f0b2223114b0d2aa1ececf60af2e68ebe72fd721",
    "https://raw.githubusercontent.com/harmonyland/harmony/c437da5ecd0ec42b81173a7e29ccb1f4e31dad06/src/structures/resolvable.ts": "762c5954860ba2849dd1227fd9f76d8aee87a9f03741950e75db370f64328258",
    "https://raw.githubusercontent.com/harmonyland/harmony/c437da5ecd0ec42b81173a7e29ccb1f4e31dad06/src/structures/role.ts": "ea70392f0763c3c463fff5d60e522d987fc149a9d5c244926ca696d531e6941f",
    "https://raw.githubusercontent.com/harmonyland/harmony/c437da5ecd0ec42b81173a7e29ccb1f4e31dad06/src/structures/team.ts": "7f98de7356ba4925d42cc32107347d8e33a0fc3dcfab15bc070e3c698b47548d",
    "https://raw.githubusercontent.com/harmonyland/harmony/c437da5ecd0ec42b81173a7e29ccb1f4e31dad06/src/structures/template.ts": "68021bde76a50ea18f132cb8b6590a798962ba043fb7a2cb1b55ef2aaea5df4b",
    "https://raw.githubusercontent.com/harmonyland/harmony/c437da5ecd0ec42b81173a7e29ccb1f4e31dad06/src/structures/textChannel.ts": "9a76581531118f3160f38040e60fa65b6775b02a75ecc32a0529e28fac532ef8",
    "https://raw.githubusercontent.com/harmonyland/harmony/c437da5ecd0ec42b81173a7e29ccb1f4e31dad06/src/structures/threadChannel.ts": "55f312415ddadaec0548ccbdb4534096325586428443e10a5102169b5589eef1",
    "https://raw.githubusercontent.com/harmonyland/harmony/c437da5ecd0ec42b81173a7e29ccb1f4e31dad06/src/structures/user.ts": "efde3aeec1b67f15977d3680d7727ecccebc3ef38a8f3ff8dd312dd7ab9d8a01",
    "https://raw.githubusercontent.com/harmonyland/harmony/c437da5ecd0ec42b81173a7e29ccb1f4e31dad06/src/structures/voiceState.ts": "b4e96b47e98310337ec6aa95db12d299e7d46ada98b68f89c305dd91682fef14",
    "https://raw.githubusercontent.com/harmonyland/harmony/c437da5ecd0ec42b81173a7e29ccb1f4e31dad06/src/structures/webhook.ts": "50a3c3770a4b878b086dfc8cd9266d8b65bfddda75f5f5f7c19053a0acbf7c6f",
    "https://raw.githubusercontent.com/harmonyland/harmony/c437da5ecd0ec42b81173a7e29ccb1f4e31dad06/src/types/application.ts": "44b7a4c034178bd02b139b232167d5bca444fafa3272c0ee1472308ddb794012",
    "https://raw.githubusercontent.com/harmonyland/harmony/c437da5ecd0ec42b81173a7e29ccb1f4e31dad06/src/types/applicationCommand.ts": "81baed6cb65ed07d8f0ff5ce616617161bdd18fe7a9cad273033209b04d2e74c",
    "https://raw.githubusercontent.com/harmonyland/harmony/c437da5ecd0ec42b81173a7e29ccb1f4e31dad06/src/types/cdn.ts": "681ee16ca3424d4002341f90452d2aec618155e7bbfb81589236122a2bd4cc4c",
    "https://raw.githubusercontent.com/harmonyland/harmony/c437da5ecd0ec42b81173a7e29ccb1f4e31dad06/src/types/channel.ts": "47f7091540b81162de1ace766c55a4c40d046417b011a4f5db4c27734fe1354a",
    "https://raw.githubusercontent.com/harmonyland/harmony/c437da5ecd0ec42b81173a7e29ccb1f4e31dad06/src/types/constants.ts": "5a56ec0c1145ca3025de92278145113390ebe2c56cecd13f3a3d02feafe7b7ba",
    "https://raw.githubusercontent.com/harmonyland/harmony/c437da5ecd0ec42b81173a7e29ccb1f4e31dad06/src/types/emoji.ts": "96751c5e7a12f033f7bea536387e9a6a8e3afea6759970afc58ea80694419ec9",
    "https://raw.githubusercontent.com/harmonyland/harmony/c437da5ecd0ec42b81173a7e29ccb1f4e31dad06/src/types/endpoint.ts": "84715f8bd5fe4d0905913530d0bb55f08230a17ee16cba3d1feb7b939c31ff9c",
    "https://raw.githubusercontent.com/harmonyland/harmony/c437da5ecd0ec42b81173a7e29ccb1f4e31dad06/src/types/gateway.ts": "5a0dde9c0ac25ec84228e50c9b4efc04a983751d48abb2f17cf57019879a84b9",
    "https://raw.githubusercontent.com/harmonyland/harmony/c437da5ecd0ec42b81173a7e29ccb1f4e31dad06/src/types/gatewayResponse.ts": "111ee1bfbf341370345547a7e2f041cce47953679c9698df8c4c1e2fed1d0b21",
    "https://raw.githubusercontent.com/harmonyland/harmony/c437da5ecd0ec42b81173a7e29ccb1f4e31dad06/src/types/guild.ts": "8edd84b7f68bd85e2c51ed440c0eb4001a3909791a07f55b29c45a0a4f3b8f51",
    "https://raw.githubusercontent.com/harmonyland/harmony/c437da5ecd0ec42b81173a7e29ccb1f4e31dad06/src/types/interactions.ts": "fbffb40948c8344453b24eeb6fde137cc207830948e4d4907406aab5ab01b994",
    "https://raw.githubusercontent.com/harmonyland/harmony/c437da5ecd0ec42b81173a7e29ccb1f4e31dad06/src/types/invite.ts": "90972a222decf5b0b5ecaab92b0fd0d817febc24a1cb7eaebebbbd19030a86b7",
    "https://raw.githubusercontent.com/harmonyland/harmony/c437da5ecd0ec42b81173a7e29ccb1f4e31dad06/src/types/messageComponents.ts": "aa0745f118fdc00540cf6e3b5dc679738953d6647b253a15f7b473fba9b985b2",
    "https://raw.githubusercontent.com/harmonyland/harmony/c437da5ecd0ec42b81173a7e29ccb1f4e31dad06/src/types/permissionFlags.ts": "3c492485876091b3c513284bbde420c50ebe7f067634d3d55fb38338a179f1de",
    "https://raw.githubusercontent.com/harmonyland/harmony/c437da5ecd0ec42b81173a7e29ccb1f4e31dad06/src/types/presence.ts": "57ff0972e55a1573b93f241184eb4987582c4955ad3ff2a29d569e04938477e8",
    "https://raw.githubusercontent.com/harmonyland/harmony/c437da5ecd0ec42b81173a7e29ccb1f4e31dad06/src/types/role.ts": "7fae955c86d93ee52f63104716c9bd0ee222c1fca1e8c5e4420e8b1bbe28c60d",
    "https://raw.githubusercontent.com/harmonyland/harmony/c437da5ecd0ec42b81173a7e29ccb1f4e31dad06/src/types/user.ts": "ef9fd2c6ce2e974ee4793738834e032ca010a7145105d7c8616af177c49d00ab",
    "https://raw.githubusercontent.com/harmonyland/harmony/c437da5ecd0ec42b81173a7e29ccb1f4e31dad06/src/types/userFlags.ts": "fe49dbaba9b506a725316c7094c91c8c974d8f43bdae09071548e5a21ba83ecc",
    "https://raw.githubusercontent.com/harmonyland/harmony/c437da5ecd0ec42b81173a7e29ccb1f4e31dad06/src/utils/bitfield.ts": "8d5cbbf073117e3ac52a0fe946d2fcb7501fafd736a9041fb7559d866cd52004",
    "https://raw.githubusercontent.com/harmonyland/harmony/c437da5ecd0ec42b81173a7e29ccb1f4e31dad06/src/utils/channel.ts": "3ef2ee93f56cad6d041fc30f3d1b510c1d43c94b50ff1d08d2ac063abcbf5629",
    "https://raw.githubusercontent.com/harmonyland/harmony/c437da5ecd0ec42b81173a7e29ccb1f4e31dad06/src/utils/channelTypes.ts": "432b2a7d7b85d3d271371e32260f9709c4bcec73361617552f08b8132b55bc86",
    "https://raw.githubusercontent.com/harmonyland/harmony/c437da5ecd0ec42b81173a7e29ccb1f4e31dad06/src/utils/collection.ts": "461825e0555e1a91a9aff17a83d88a98f192b1d612fd0eddf31caf1c7fc5303c",
    "https://raw.githubusercontent.com/harmonyland/harmony/c437da5ecd0ec42b81173a7e29ccb1f4e31dad06/src/utils/colorutil.ts": "f3f728be62d366fdb2cbccf486cea027210af885bdbb1f832dfa4db34712f3c8",
    "https://raw.githubusercontent.com/harmonyland/harmony/c437da5ecd0ec42b81173a7e29ccb1f4e31dad06/src/utils/command.ts": "6ea7942006c9714c988b67886c0d487ae618e5b1501a49d1a16239815ad15f61",
    "https://raw.githubusercontent.com/harmonyland/harmony/c437da5ecd0ec42b81173a7e29ccb1f4e31dad06/src/utils/components.ts": "7a925c5d2f42e4989b7e3a5cbf36fcf7a82906afd76d71294b7d4185d60945a7",
    "https://raw.githubusercontent.com/harmonyland/harmony/c437da5ecd0ec42b81173a7e29ccb1f4e31dad06/src/utils/delay.ts": "501d3ff33a1018c962d13c4de1db9e99e41c936f70c1119bc428f3ee0145eb8f",
    "https://raw.githubusercontent.com/harmonyland/harmony/c437da5ecd0ec42b81173a7e29ccb1f4e31dad06/src/utils/encoding.ts": "0b4f03476c39a72d81492f9b39a71f3e73abfef9fd5bfeb7ac987eb991c663be",
    "https://raw.githubusercontent.com/harmonyland/harmony/c437da5ecd0ec42b81173a7e29ccb1f4e31dad06/src/utils/err_fmt.ts": "37baddade1b1707a96b38363754310ce9b9d1e41dc394e646e7af4026bbaa359",
    "https://raw.githubusercontent.com/harmonyland/harmony/c437da5ecd0ec42b81173a7e29ccb1f4e31dad06/src/utils/events.ts": "e48093fd1f9371e243e04a048ca9c313163e4b2bed4178f2b2ab26ad7e04fc45",
    "https://raw.githubusercontent.com/harmonyland/harmony/c437da5ecd0ec42b81173a7e29ccb1f4e31dad06/src/utils/intents.ts": "03e67cad9a4480a989919d168a222413fdf8d7d3a65d74986eb9ebd3753ac098",
    "https://raw.githubusercontent.com/harmonyland/harmony/c437da5ecd0ec42b81173a7e29ccb1f4e31dad06/src/utils/interactions.ts": "8b9809dddf5e237a9f0a694b05764d48a8e334607411c3c2b73611a49f981b7d",
    "https://raw.githubusercontent.com/harmonyland/harmony/c437da5ecd0ec42b81173a7e29ccb1f4e31dad06/src/utils/oauthURL.ts": "f8f95d95d0ed637af25cb060d7d351132cd4e456635c08b7042fd59e4539d263",
    "https://raw.githubusercontent.com/harmonyland/harmony/c437da5ecd0ec42b81173a7e29ccb1f4e31dad06/src/utils/permissions.ts": "d6e2cee90bb5a712272f1a23c4712ccb0a206d8fba20f327240c9bde4034a7f4",
    "https://raw.githubusercontent.com/harmonyland/harmony/c437da5ecd0ec42b81173a7e29ccb1f4e31dad06/src/utils/snakeCase.ts": "e634296601f4fe5b09e43ed3b491e3bac46dba5403622369cd47e4f79c0816d3",
    "https://raw.githubusercontent.com/harmonyland/harmony/c437da5ecd0ec42b81173a7e29ccb1f4e31dad06/src/utils/snowflake.ts": "a3715de195998b05fc9934a3db2017b6961ba57dd78b442c468763afd971fb2b",
    "https://raw.githubusercontent.com/harmonyland/harmony/c437da5ecd0ec42b81173a7e29ccb1f4e31dad06/src/utils/userFlags.ts": "71ed6753d17aad3e36dee9ada7b48159b17b5151f7a2bdb75a27b352e3b01c4b",
    "https://unpkg.com/@evan/wasm@0.0.93/target/ed25519/deno.js": "9728126890f17b71cee41afdab8a4bc362f6b9f409fe0a5c4f6ca9f3b510fd3a",
    "https://unpkg.com/@evan/wasm@0.0.93/target/zlib/deno.js": "e65131e1c1f45e64960f2699a0b868927ea5c9201c4b986a7cfc57b18be5cc09"
  }
}
